
Microsoft Visual Studio Solution File, Format Version 12.00
# Visual Studio Version 16
VisualStudioVersion = 16.0.30225.117
MinimumVisualStudioVersion = 10.0.40219.1
Project("{FAE04EC0-301F-11D3-BF4B-00C04F79EFBC}") = "consolePrint", "consolePrint.csproj", "{F26B0E72-9616-4C4E-9BE2-334D660FD347}"
EndProject
Global
	GlobalSection(SolutionConfigurationPlatforms) = preSolution
		Debug|Any CPU = Debug|Any CPU
		Release|Any CPU = Release|Any CPU
	EndGlobalSection
	GlobalSection(ProjectConfigurationPlatforms) = postSolution
		{F26B0E72-9616-4C4E-9BE2-334D660FD347}.Debug|Any CPU.ActiveCfg = Debug|Any CPU
		{F26B0E72-9616-4C4E-9BE2-334D660FD347}.Debug|Any CPU.Build.0 = Debug|Any CPU
		{F26B0E72-9616-4C4E-9BE2-334D660FD347}.Release|Any CPU.ActiveCfg = Release|Any CPU
		{F26B0E72-9616-4C4E-9BE2-334D660FD347}.Release|Any CPU.Build.0 = Release|Any CPU
	EndGlobalSection
	GlobalSection(SolutionProperties) = preSolution
		HideSolutionNode = FALSE
	EndGlobalSection
	GlobalSection(ExtensibilityGlobals) = postSolution
		SolutionGuid = {D20B7DBD-C984-4AFD-8B6E-E20834291858}
	EndGlobalSection
EndGlobal
